
Microsoft Visual Studio Solution File, Format Version 12.00
# Visual Studio Version 16
VisualStudioVersion = 16.0.30907.101
MinimumVisualStudioVersion = 10.0.40219.1
Project("{9A19103F-16F7-4668-BE54-9A1E7A4F7556}") = "Service", "ArchitectZad2\Service.csproj", "{76BB8103-6964-4377-9F2D-E2E7827429D2}"
EndProject
Project("{9A19103F-16F7-4668-BE54-9A1E7A4F7556}") = "Client", "Client\Client.csproj", "{921513C2-00EF-4502-B2B1-C8A31FE773DB}"
EndProject
Project("{FAE04EC0-301F-11D3-BF4B-00C04F79EFBC}") = "GrpcClient", "GrpcClient\GrpcClient.csproj", "{77680846-7722-4719-BBAF-DBFAA0440A90}"
EndProject
Global
	GlobalSection(SolutionConfigurationPlatforms) = preSolution
		Debug|Any CPU = Debug|Any CPU
		Release|Any CPU = Release|Any CPU
	EndGlobalSection
	GlobalSection(ProjectConfigurationPlatforms) = postSolution
		{76BB8103-6964-4377-9F2D-E2E7827429D2}.Debug|Any CPU.ActiveCfg = Debug|Any CPU
		{76BB8103-6964-4377-9F2D-E2E7827429D2}.Debug|Any CPU.Build.0 = Debug|Any CPU
		{76BB8103-6964-4377-9F2D-E2E7827429D2}.Release|Any CPU.ActiveCfg = Release|Any CPU
		{76BB8103-6964-4377-9F2D-E2E7827429D2}.Release|Any CPU.Build.0 = Release|Any CPU
		{921513C2-00EF-4502-B2B1-C8A31FE773DB}.Debug|Any CPU.ActiveCfg = Debug|Any CPU
		{921513C2-00EF-4502-B2B1-C8A31FE773DB}.Debug|Any CPU.Build.0 = Debug|Any CPU
		{921513C2-00EF-4502-B2B1-C8A31FE773DB}.Release|Any CPU.ActiveCfg = Release|Any CPU
		{921513C2-00EF-4502-B2B1-C8A31FE773DB}.Release|Any CPU.Build.0 = Release|Any CPU
		{77680846-7722-4719-BBAF-DBFAA0440A90}.Debug|Any CPU.ActiveCfg = Debug|Any CPU
		{77680846-7722-4719-BBAF-DBFAA0440A90}.Debug|Any CPU.Build.0 = Debug|Any CPU
		{77680846-7722-4719-BBAF-DBFAA0440A90}.Release|Any CPU.ActiveCfg = Release|Any CPU
		{77680846-7722-4719-BBAF-DBFAA0440A90}.Release|Any CPU.Build.0 = Release|Any CPU
	EndGlobalSection
	GlobalSection(SolutionProperties) = preSolution
		HideSolutionNode = FALSE
	EndGlobalSection
	GlobalSection(ExtensibilityGlobals) = postSolution
		SolutionGuid = {DCEBC4A7-980C-4701-A031-DB908E77DC16}
	EndGlobalSection
EndGlobal
